
Microsoft Visual Studio Solution File, Format Version 12.00
# Visual Studio Version 17
VisualStudioVersion = 17.4.33403.182
MinimumVisualStudioVersion = 10.0.40219.1
Project("{9A19103F-16F7-4668-BE54-9A1E7A4F7556}") = "EduHome3", "EduHome3\EduHome3.csproj", "{AC5784DB-CFBB-4314-BFDE-6371C63F6EA5}"
EndProject
Global
	GlobalSection(SolutionConfigurationPlatforms) = preSolution
		Debug|Any CPU = Debug|Any CPU
		Release|Any CPU = Release|Any CPU
	EndGlobalSection
	GlobalSection(ProjectConfigurationPlatforms) = postSolution
		{AC5784DB-CFBB-4314-BFDE-6371C63F6EA5}.Debug|Any CPU.ActiveCfg = Debug|Any CPU
		{AC5784DB-CFBB-4314-BFDE-6371C63F6EA5}.Debug|Any CPU.Build.0 = Debug|Any CPU
		{AC5784DB-CFBB-4314-BFDE-6371C63F6EA5}.Release|Any CPU.ActiveCfg = Release|Any CPU
		{AC5784DB-CFBB-4314-BFDE-6371C63F6EA5}.Release|Any CPU.Build.0 = Release|Any CPU
	EndGlobalSection
	GlobalSection(SolutionProperties) = preSolution
		HideSolutionNode = FALSE
	EndGlobalSection
	GlobalSection(ExtensibilityGlobals) = postSolution
		SolutionGuid = {91BE3BA8-C692-43CC-8E81-D29A00DD9011}
	EndGlobalSection
EndGlobal
